Microsoft Visual Studio Solution File, Format Version 12.00
# Visual Studio Version 17
VisualStudioVersion = 17.5.2.0
MinimumVisualStudioVersion = 10.0.40219.1
Project("{FAE04EC0-301F-11D3-BF4B-00C04F79EFBC}") = "brandaoCourse", "brandaoCourse.csproj", "{30B03627-B9B3-C35B-43A2-0C4FA139768D}"
EndProject
Global
	GlobalSection(SolutionConfigurationPlatforms) = preSolution
		Debug|Any CPU = Debug|Any CPU
		Release|Any CPU = Release|Any CPU
	EndGlobalSection
	GlobalSection(ProjectConfigurationPlatforms) = postSolution
		{30B03627-B9B3-C35B-43A2-0C4FA139768D}.Debug|Any CPU.ActiveCfg = Debug|Any CPU
		{30B03627-B9B3-C35B-43A2-0C4FA139768D}.Debug|Any CPU.Build.0 = Debug|Any CPU
		{30B03627-B9B3-C35B-43A2-0C4FA139768D}.Release|Any CPU.ActiveCfg = Release|Any CPU
		{30B03627-B9B3-C35B-43A2-0C4FA139768D}.Release|Any CPU.Build.0 = Release|Any CPU
	EndGlobalSection
	GlobalSection(SolutionProperties) = preSolution
		HideSolutionNode = FALSE
	EndGlobalSection
	GlobalSection(ExtensibilityGlobals) = postSolution
		SolutionGuid = {0EFFCD59-B2A0-4440-9A64-ECACB4911987}
	EndGlobalSection
EndGlobal
